lockfileVersion: '9.0'

settings:
  autoInstallPeers: true
  excludeLinksFromLockfile: false

importers:

  .:
    devDependencies:
      prettier:
        specifier: ^3.4.2
        version: 3.8.3
      prettier-plugin-tailwindcss:
        specifier: ^0.6.9
        version: 0.6.14(prettier@3.8.3)
      turbo:
        specifier: ^2.3.3
        version: 2.9.6
      typescript:
        specifier: ^5.7.2
        version: 5.9.3

packages:

  '@turbo/darwin-64@2.9.6':
    resolution: {integrity: sha512-X/56SnVXIQZBLKwniGTwEQTGmtE5brSACnKMBWpY3YafuxVYefrC2acamfjgxP7BG5w3I+6jf0UrLoSzgPcSJg==}
    cpu: [x64]
    os: [darwin]

  '@turbo/darwin-arm64@2.9.6':
    resolution: {integrity: sha512-aalBeSl4agT/QtYGDyf/XLajedWzUC9Vg/pm/YO6QQ93vkQ91Vz5uK1ta5RbVRDozQSz4njxUNqRNmOXDzW+qw==}
    cpu: [arm64]
    os: [darwin]

  '@turbo/linux-64@2.9.6':
    resolution: {integrity: sha512-YKi05jnNHaD7vevgYwahpzGwbsNNTwzU2c7VZdmdFm7+cGDP4oREUWSsainiMfRqjRuolQxBwRn8wf1jmu+YZA==}
    cpu: [x64]
    os: [linux]

  '@turbo/linux-arm64@2.9.6':
    resolution: {integrity: sha512-02o/ZS69cOYEDczXvOB2xmyrtzjQ2hVFtWZK1iqxXUfzMmTjZK4UumrfNnjckSg+gqeBfnPRHa0NstA173Ik3g==}
    cpu: [arm64]
    os: [linux]

  '@turbo/windows-64@2.9.6':
    resolution: {integrity: sha512-wVdQjvnBI15wB6JrA+43CtUtagjIMmX6XYO758oZHAsCNSxqRlJtdyujih0D8OCnwCRWiGWGI63zAxR0hO6s9g==}
    cpu: [x64]
    os: [win32]

  '@turbo/windows-arm64@2.9.6':
    resolution: {integrity: sha512-1XUUyWW0W6FTSqGEhU8RHVqb2wP1SPkr7hIvBlMEwH9jr+sJQK5kqeosLJ/QaUv4ecSAd1ZhIrLoW7qslAzT4A==}
    cpu: [arm64]
    os: [win32]

  prettier-plugin-tailwindcss@0.6.14:
    resolution: {integrity: sha512-pi2e/+ZygeIqntN+vC573BcW5Cve8zUB0SSAGxqpB4f96boZF4M3phPVoOFCeypwkpRYdi7+jQ5YJJUwrkGUAg==}
    engines: {node: '>=14.21.3'}
    peerDependencies:
      '@ianvs/prettier-plugin-sort-imports': '*'
      '@prettier/plugin-hermes': '*'
      '@prettier/plugin-oxc': '*'
      '@prettier/plugin-pug': '*'
      '@shopify/prettier-plugin-liquid': '*'
      '@trivago/prettier-plugin-sort-imports': '*'
      '@zackad/prettier-plugin-twig': '*'
      prettier: ^3.0
      prettier-plugin-astro: '*'
      prettier-plugin-css-order: '*'
      prettier-plugin-import-sort: '*'
      prettier-plugin-jsdoc: '*'
      prettier-plugin-marko: '*'
      prettier-plugin-multiline-arrays: '*'
      prettier-plugin-organize-attributes: '*'
      prettier-plugin-organize-imports: '*'
      prettier-plugin-sort-imports: '*'
      prettier-plugin-style-order: '*'
      prettier-plugin-svelte: '*'
    peerDependenciesMeta:
      '@ianvs/prettier-plugin-sort-imports':
        optional: true
      '@prettier/plugin-hermes':
        optional: true
      '@prettier/plugin-oxc':
        optional: true
      '@prettier/plugin-pug':
        optional: true
      '@shopify/prettier-plugin-liquid':
        optional: true
      '@trivago/prettier-plugin-sort-imports':
        optional: true
      '@zackad/prettier-plugin-twig':
        optional: true
      prettier-plugin-astro:
        optional: true
      prettier-plugin-css-order:
        optional: true
      prettier-plugin-import-sort:
        optional: true
      prettier-plugin-jsdoc:
        optional: true
      prettier-plugin-marko:
        optional: true
      prettier-plugin-multiline-arrays:
        optional: true
      prettier-plugin-organize-attributes:
        optional: true
      prettier-plugin-organize-imports:
        optional: true
      prettier-plugin-sort-imports:
        optional: true
      prettier-plugin-style-order:
        optional: true
      prettier-plugin-svelte:
        optional: true

  prettier@3.8.3:
    resolution: {integrity: sha512-7igPTM53cGHMW8xWuVTydi2KO233VFiTNyF5hLJqpilHfmn8C8gPf+PS7dUT64YcXFbiMGZxS9pCSxL/Dxm/Jw==}
    engines: {node: '>=14'}
    hasBin: true

  turbo@2.9.6:
    resolution: {integrity: sha512-+v2QJey7ZUeUiuigkU+uFfklvNUyPI2VO2vBpMYJA+a1hKFLFiKtUYlRHdb3P9CrAvMzi0upbjI4WT+zKtqkBg==}
    hasBin: true

  typescript@5.9.3:
    resolution: {integrity: sha512-jl1vZzPDinLr9eUt3J/t7V6FgNEw9QjvBPdysz9KfQDD41fQrC2Y4vKQdiaUpFT4bXlb1RHhLpp8wtm6M5TgSw==}
    engines: {node: '>=14.17'}
    hasBin: true

snapshots:

  '@turbo/darwin-64@2.9.6':
    optional: true

  '@turbo/darwin-arm64@2.9.6':
    optional: true

  '@turbo/linux-64@2.9.6':
    optional: true

  '@turbo/linux-arm64@2.9.6':
    optional: true

  '@turbo/windows-64@2.9.6':
    optional: true

  '@turbo/windows-arm64@2.9.6':
    optional: true

  prettier-plugin-tailwindcss@0.6.14(prettier@3.8.3):
    dependencies:
      prettier: 3.8.3

  prettier@3.8.3: {}

  turbo@2.9.6:
    optionalDependencies:
      '@turbo/darwin-64': 2.9.6
      '@turbo/darwin-arm64': 2.9.6
      '@turbo/linux-64': 2.9.6
      '@turbo/linux-arm64': 2.9.6
      '@turbo/windows-64': 2.9.6
      '@turbo/windows-arm64': 2.9.6

  typescript@5.9.3: {}
